// !$*UTF8*$!
{
	archiveVersion = 1;
	classes = {
	};
	objectVersion = 56;
	objects = {

/* Begin PBXBuildFile section */
		91FA96732C81333A0011BB7F /* tarrierApp.swift in Sources */ = {isa = PBXBuildFile; fileRef = 91FA96722C81333A0011BB7F /* tarrierApp.swift */; };
		91FA96752C81333A0011BB7F /* ContentView.swift in Sources */ = {isa = PBXBuildFile; fileRef = 91FA96742C81333A0011BB7F /* ContentView.swift */; };
		91FA96772C81333E0011BB7F /* Assets.xcassets in Resources */ = {isa = PBXBuildFile; fileRef = 91FA96762C81333E0011BB7F /* Assets.xcassets */; };
		91FA967A2C81333E0011BB7F /* Preview Assets.xcassets in Resources */ = {isa = PBXBuildFile; fileRef = 91FA96792C81333E0011BB7F /* Preview Assets.xcassets */; };
		91FA96842C81333E0011BB7F /* TarrierTests.swift in Sources */ = {isa = PBXBuildFile; fileRef = 91FA96832C81333E0011BB7F /* TarrierTests.swift */; };
		91FA969D2C813F5E0011BB7F /* _todo.txt in Resources */ = {isa = PBXBuildFile; fileRef = 91FA969C2C813F5E0011BB7F /* _todo.txt */; };
		91FA96A02C8141010011BB7F /* .swiftlint.yml in Resources */ = {isa = PBXBuildFile; fileRef = 91FA969F2C8141010011BB7F /* .swiftlint.yml */; };
		91FA96A42C814BAE0011BB7F /* tarrier.key in Resources */ = {isa = PBXBuildFile; fileRef = 91FA96A32C814BAE0011BB7F /* tarrier.key */; };
/* End PBXBuildFile section */

/* Begin PBXContainerItemProxy section */
		91FA96802C81333E0011BB7F /* PBXContainerItemProxy */ = {
			isa = PBXContainerItemProxy;
			containerPortal = 91FA96672C81333A0011BB7F /* Project object */;
			proxyType = 1;
			remoteGlobalIDString = 91FA966E2C81333A0011BB7F;
			remoteInfo = betwist;
		};
/* End PBXContainerItemProxy section */

/* Begin PBXFileReference section */
		91FA966F2C81333A0011BB7F /* tarrier.app */ = {isa = PBXFileReference; explicitFileType = wrapper.application; includeInIndex = 0; path = tarrier.app; sourceTree = BUILT_PRODUCTS_DIR; };
		91FA96722C81333A0011BB7F /* tarrierApp.swift */ = {isa = PBXFileReference; lastKnownFileType = sourcecode.swift; path = tarrierApp.swift; sourceTree = "<group>"; };
		91FA96742C81333A0011BB7F /* ContentView.swift */ = {isa = PBXFileReference; lastKnownFileType = sourcecode.swift; path = ContentView.swift; sourceTree = "<group>"; };
		91FA96762C81333E0011BB7F /* Assets.xcassets */ = {isa = PBXFileReference; lastKnownFileType = folder.assetcatalog; path = Assets.xcassets; sourceTree = "<group>"; };
		91FA96792C81333E0011BB7F /* Preview Assets.xcassets */ = {isa = PBXFileReference; lastKnownFileType = folder.assetcatalog; path = "Preview Assets.xcassets"; sourceTree = "<group>"; };
		91FA967F2C81333E0011BB7F /* tarrierTests.xctest */ = {isa = PBXFileReference; explicitFileType = wrapper.cfbundle; includeInIndex = 0; path = tarrierTests.xctest; sourceTree = BUILT_PRODUCTS_DIR; };
		91FA96832C81333E0011BB7F /* TarrierTests.swift */ = {isa = PBXFileReference; lastKnownFileType = sourcecode.swift; path = TarrierTests.swift; sourceTree = "<group>"; };
		91FA969C2C813F5E0011BB7F /* _todo.txt */ = {isa = PBXFileReference; fileEncoding = 4; lastKnownFileType = text; path = _todo.txt; sourceTree = "<group>"; };
		91FA969E2C813F880011BB7F /* tarrier.xctestplan */ = {isa = PBXFileReference; lastKnownFileType = text; path = tarrier.xctestplan; sourceTree = "<group>"; };
		91FA969F2C8141010011BB7F /* .swiftlint.yml */ = {isa = PBXFileReference; lastKnownFileType = text.yaml; path = .swiftlint.yml; sourceTree = "<group>"; };
		91FA96A32C814BAE0011BB7F /* tarrier.key */ = {isa = PBXFileReference; lastKnownFileType = file; path = tarrier.key; sourceTree = "<group>"; };
/* End PBXFileReference section */

/* Begin PBXFrameworksBuildPhase section */
		91FA966C2C81333A0011BB7F /* Frameworks */ = {
			isa = PBXFrameworksBuildPhase;
			buildActionMask = 2147483647;
			files = (
			);
			runOnlyForDeploymentPostprocessing = 0;
		};
		91FA967C2C81333E0011BB7F /* Frameworks */ = {
			isa = PBXFrameworksBuildPhase;
			buildActionMask = 2147483647;
			files = (
			);
			runOnlyForDeploymentPostprocessing = 0;
		};
/* End PBXFrameworksBuildPhase section */

/* Begin PBXGroup section */
		91FA96662C81333A0011BB7F = {
			isa = PBXGroup;
			children = (
				91FA969C2C813F5E0011BB7F /* _todo.txt */,
				91FA96A32C814BAE0011BB7F /* tarrier.key */,
				91FA969F2C8141010011BB7F /* .swiftlint.yml */,
				91FA969E2C813F880011BB7F /* tarrier.xctestplan */,
				91FA96712C81333A0011BB7F /* tarrier */,
				91FA96822C81333E0011BB7F /* tarrierTests */,
				91FA96702C81333A0011BB7F /* Products */,
			);
			sourceTree = "<group>";
		};
		91FA96702C81333A0011BB7F /* Products */ = {
			isa = PBXGroup;
			children = (
				91FA966F2C81333A0011BB7F /* tarrier.app */,
				91FA967F2C81333E0011BB7F /* tarrierTests.xctest */,
			);
			name = Products;
			sourceTree = "<group>";
		};
		91FA96712C81333A0011BB7F /* tarrier */ = {
			isa = PBXGroup;
			children = (
				91FA96722C81333A0011BB7F /* tarrierApp.swift */,
				91FA96742C81333A0011BB7F /* ContentView.swift */,
				91FA96762C81333E0011BB7F /* Assets.xcassets */,
				91FA96782C81333E0011BB7F /* Preview Content */,
			);
			path = tarrier;
			sourceTree = "<group>";
		};
		91FA96782C81333E0011BB7F /* Preview Content */ = {
			isa = PBXGroup;
			children = (
				91FA96792C81333E0011BB7F /* Preview Assets.xcassets */,
			);
			path = "Preview Content";
			sourceTree = "<group>";
		};
		91FA96822C81333E0011BB7F /* tarrierTests */ = {
			isa = PBXGroup;
			children = (
				91FA96832C81333E0011BB7F /* TarrierTests.swift */,
			);
			path = tarrierTests;
			sourceTree = "<group>";
		};
/* End PBXGroup section */

/* Begin PBXNativeTarget section */
		91FA966E2C81333A0011BB7F /* tarrier */ = {
			isa = PBXNativeTarget;
			buildConfigurationList = 91FA96932C81333F0011BB7F /* Build configuration list for PBXNativeTarget "tarrier" */;
			buildPhases = (
				91FA966B2C81333A0011BB7F /* Sources */,
				91FA966C2C81333A0011BB7F /* Frameworks */,
				91FA966D2C81333A0011BB7F /* Resources */,
			);
			buildRules = (
			);
			dependencies = (
			);
			name = tarrier;
			productName = betwist;
			productReference = 91FA966F2C81333A0011BB7F /* tarrier.app */;
			productType = "com.apple.product-type.application";
		};
		91FA967E2C81333E0011BB7F /* tarrierTests */ = {
			isa = PBXNativeTarget;
			buildConfigurationList = 91FA96962C81333F0011BB7F /* Build configuration list for PBXNativeTarget "tarrierTests" */;
			buildPhases = (
				91FA967B2C81333E0011BB7F /* Sources */,
				91FA967C2C81333E0011BB7F /* Frameworks */,
				91FA967D2C81333E0011BB7F /* Resources */,
				91FA96A12C8141C90011BB7F /* ShellScript */,
			);
			buildRules = (
			);
			dependencies = (
				91FA96812C81333E0011BB7F /* PBXTargetDependency */,
			);
			name = tarrierTests;
			productName = betwistTests;
			productReference = 91FA967F2C81333E0011BB7F /* tarrierTests.xctest */;
			productType = "com.apple.product-type.bundle.unit-test";
		};
/* End PBXNativeTarget section */

/* Begin PBXProject section */
		91FA96672C81333A0011BB7F /* Project object */ = {
			isa = PBXProject;
			attributes = {
				BuildIndependentTargetsInParallel = 1;
				LastSwiftUpdateCheck = 1540;
				LastUpgradeCheck = 1540;
				TargetAttributes = {
					91FA966E2C81333A0011BB7F = {
						CreatedOnToolsVersion = 15.4;
					};
					91FA967E2C81333E0011BB7F = {
						CreatedOnToolsVersion = 15.4;
						TestTargetID = 91FA966E2C81333A0011BB7F;
					};
				};
			};
			buildConfigurationList = 91FA966A2C81333A0011BB7F /* Build configuration list for PBXProject "tarrier" */;
			compatibilityVersion = "Xcode 14.0";
			developmentRegion = en;
			hasScannedForEncodings = 0;
			knownRegions = (
				en,
				Base,
			);
			mainGroup = 91FA96662C81333A0011BB7F;
			packageReferences = (
				91FA96A22C8144FF0011BB7F /* XCRemoteSwiftPackageReference "SwiftLintPlugins" */,
			);
			productRefGroup = 91FA96702C81333A0011BB7F /* Products */;
			projectDirPath = "";
			projectRoot = "";
			targets = (
				91FA966E2C81333A0011BB7F /* tarrier */,
				91FA967E2C81333E0011BB7F /* tarrierTests */,
			);
		};
/* End PBXProject section */

/* Begin PBXResourcesBuildPhase section */
		91FA966D2C81333A0011BB7F /* Resources */ = {
			isa = PBXResourcesBuildPhase;
			buildActionMask = 2147483647;
			files = (
				91FA96A02C8141010011BB7F /* .swiftlint.yml in Resources */,
				91FA969D2C813F5E0011BB7F /* _todo.txt in Resources */,
				91FA96A42C814BAE0011BB7F /* tarrier.key in Resources */,
				91FA967A2C81333E0011BB7F /* Preview Assets.xcassets in Resources */,
				91FA96772C81333E0011BB7F /* Assets.xcassets in Resources */,
			);
			runOnlyForDeploymentPostprocessing = 0;
		};
		91FA967D2C81333E0011BB7F /* Resources */ = {
			isa = PBXResourcesBuildPhase;
			buildActionMask = 2147483647;
			files = (
			);
			runOnlyForDeploymentPostprocessing = 0;
		};
/* End PBXResourcesBuildPhase section */

/* Begin PBXShellScriptBuildPhase section */
		91FA96A12C8141C90011BB7F /* ShellScript */ = {
			isa = PBXShellScriptBuildPhase;
			alwaysOutOfDate = 1;
			buildActionMask = 2147483647;
			files = (
			);
			inputFileListPaths = (
			);
			inputPaths = (
			);
			outputFileListPaths = (
			);
			outputPaths = (
			);
			runOnlyForDeploymentPostprocessing = 0;
			shellPath = /bin/sh;
			shellScript = "if which swiftlint >>/dev/null; then\n  swiftlint\nelse\n  echo \"warning: swiftlint not installed\"\nfi\n";
		};
/* End PBXShellScriptBuildPhase section */

/* Begin PBXSourcesBuildPhase section */
		91FA966B2C81333A0011BB7F /* Sources */ = {
			isa = PBXSourcesBuildPhase;
			buildActionMask = 2147483647;
			files = (
				91FA96752C81333A0011BB7F /* ContentView.swift in Sources */,
				91FA96732C81333A0011BB7F /* tarrierApp.swift in Sources */,
			);
			runOnlyForDeploymentPostprocessing = 0;
		};
		91FA967B2C81333E0011BB7F /* Sources */ = {
			isa = PBXSourcesBuildPhase;
			buildActionMask = 2147483647;
			files = (
				91FA96842C81333E0011BB7F /* TarrierTests.swift in Sources */,
			);
			runOnlyForDeploymentPostprocessing = 0;
		};
/* End PBXSourcesBuildPhase section */

/* Begin PBXTargetDependency section */
		91FA96812C81333E0011BB7F /* PBXTargetDependency */ = {
			isa = PBXTargetDependency;
			target = 91FA966E2C81333A0011BB7F /* tarrier */;
			targetProxy = 91FA96802C81333E0011BB7F /* PBXContainerItemProxy */;
		};
/* End PBXTargetDependency section */

/* Begin XCBuildConfiguration section */
		91FA96912C81333F0011BB7F /* Debug */ = {
			isa = XCBuildConfiguration;
			buildSettings = {
				ALWAYS_SEARCH_USER_PATHS = NO;
				ASSETCATALOG_COMPILER_GENERATE_SWIFT_ASSET_SYMBOL_EXTENSIONS = YES;
				CLANG_ANALYZER_NONNULL = YES;
				CLANG_ANALYZER_NUMBER_OBJECT_CONVERSION = YES_AGGRESSIVE;
				CLANG_CXX_LANGUAGE_STANDARD = "gnu++20";
				CLANG_ENABLE_MODULES = YES;
				CLANG_ENABLE_OBJC_ARC = YES;
				CLANG_ENABLE_OBJC_WEAK = YES;
				CLANG_WARN_BLOCK_CAPTURE_AUTORELEASING = YES;
				CLANG_WARN_BOOL_CONVERSION = YES;
				CLANG_WARN_COMMA = YES;
				CLANG_WARN_CONSTANT_CONVERSION = YES;
				CLANG_WARN_DEPRECATED_OBJC_IMPLEMENTATIONS = YES;
				CLANG_WARN_DIRECT_OBJC_ISA_USAGE = YES_ERROR;
				CLANG_WARN_DOCUMENTATION_COMMENTS = YES;
				CLANG_WARN_EMPTY_BODY = YES;
				CLANG_WARN_ENUM_CONVERSION = YES;
				CLANG_WARN_INFINITE_RECURSION = YES;
				CLANG_WARN_INT_CONVERSION = YES;
				CLANG_WARN_NON_LITERAL_NULL_CONVERSION = YES;
				CLANG_WARN_OBJC_IMPLICIT_RETAIN_SELF = YES;
				CLANG_WARN_OBJC_LITERAL_CONVERSION = YES;
				CLANG_WARN_OBJC_ROOT_CLASS = YES_ERROR;
				CLANG_WARN_QUOTED_INCLUDE_IN_FRAMEWORK_HEADER = YES;
				CLANG_WARN_RANGE_LOOP_ANALYSIS = YES;
				CLANG_WARN_STRICT_PROTOTYPES = YES;
				CLANG_WARN_SUSPICIOUS_MOVE = YES;
				CLANG_WARN_UNGUARDED_AVAILABILITY = YES_AGGRESSIVE;
				CLANG_WARN_UNREACHABLE_CODE = YES;
				CLANG_WARN__DUPLICATE_METHOD_MATCH = YES;
				COPY_PHASE_STRIP = NO;
				DEBUG_INFORMATION_FORMAT = dwarf;
				ENABLE_STRICT_OBJC_MSGSEND = YES;
				ENABLE_TESTABILITY = YES;
				ENABLE_USER_SCRIPT_SANDBOXING = NO;
				GCC_C_LANGUAGE_STANDARD = gnu17;
				GCC_DYNAMIC_NO_PIC = NO;
				GCC_NO_COMMON_BLOCKS = YES;
				GCC_OPTIMIZATION_LEVEL = 0;
				GCC_PREPROCESSOR_DEFINITIONS = (
					"DEBUG=1",
					"$(inherited)",
				);
				GCC_WARN_64_TO_32_BIT_CONVERSION = YES;
				GCC_WARN_ABOUT_RETURN_TYPE = YES_ERROR;
				GCC_WARN_UNDECLARED_SELECTOR = YES;
				GCC_WARN_UNINITIALIZED_AUTOS = YES_AGGRESSIVE;
				GCC_WARN_UNUSED_FUNCTION = YES;
				GCC_WARN_UNUSED_VARIABLE = YES;
				IPHONEOS_DEPLOYMENT_TARGET = 17.5;
				LOCALIZATION_PREFERS_STRING_CATALOGS = YES;
				MTL_ENABLE_DEBUG_INFO = INCLUDE_SOURCE;
				MTL_FAST_MATH = YES;
				ONLY_ACTIVE_ARCH = YES;
				SDKROOT = iphoneos;
				SWIFT_ACTIVE_COMPILATION_CONDITIONS = "DEBUG $(inherited)";
				SWIFT_OPTIMIZATION_LEVEL = "-Onone";
			};
			name = Debug;
		};
		91FA96922C81333F0011BB7F /* Release */ = {
			isa = XCBuildConfiguration;
			buildSettings = {
				ALWAYS_SEARCH_USER_PATHS = NO;
				ASSETCATALOG_COMPILER_GENERATE_SWIFT_ASSET_SYMBOL_EXTENSIONS = YES;
				CLANG_ANALYZER_NONNULL = YES;
				CLANG_ANALYZER_NUMBER_OBJECT_CONVERSION = YES_AGGRESSIVE;
				CLANG_CXX_LANGUAGE_STANDARD = "gnu++20";
				CLANG_ENABLE_MODULES = YES;
				CLANG_ENABLE_OBJC_ARC = YES;
				CLANG_ENABLE_OBJC_WEAK = YES;
				CLANG_WARN_BLOCK_CAPTURE_AUTORELEASING = YES;
				CLANG_WARN_BOOL_CONVERSION = YES;
				CLANG_WARN_COMMA = YES;
				CLANG_WARN_CONSTANT_CONVERSION = YES;
				CLANG_WARN_DEPRECATED_OBJC_IMPLEMENTATIONS = YES;
				CLANG_WARN_DIRECT_OBJC_ISA_USAGE = YES_ERROR;
				CLANG_WARN_DOCUMENTATION_COMMENTS = YES;
				CLANG_WARN_EMPTY_BODY = YES;
				CLANG_WARN_ENUM_CONVERSION = YES;
				CLANG_WARN_INFINITE_RECURSION = YES;
				CLANG_WARN_INT_CONVERSION = YES;
				CLANG_WARN_NON_LITERAL_NULL_CONVERSION = YES;
				CLANG_WARN_OBJC_IMPLICIT_RETAIN_SELF = YES;
				CLANG_WARN_OBJC_LITERAL_CONVERSION = YES;
				CLANG_WARN_OBJC_ROOT_CLASS = YES_ERROR;
				CLANG_WARN_QUOTED_INCLUDE_IN_FRAMEWORK_HEADER = YES;
				CLANG_WARN_RANGE_LOOP_ANALYSIS = YES;
				CLANG_WARN_STRICT_PROTOTYPES = YES;
				CLANG_WARN_SUSPICIOUS_MOVE = YES;
				CLANG_WARN_UNGUARDED_AVAILABILITY = YES_AGGRESSIVE;
				CLANG_WARN_UNREACHABLE_CODE = YES;
				CLANG_WARN__DUPLICATE_METHOD_MATCH = YES;
				COPY_PHASE_STRIP = NO;
				DEBUG_INFORMATION_FORMAT = "dwarf-with-dsym";
				ENABLE_NS_ASSERTIONS = NO;
				ENABLE_STRICT_OBJC_MSGSEND = YES;
				ENABLE_USER_SCRIPT_SANDBOXING = NO;
				GCC_C_LANGUAGE_STANDARD = gnu17;
				GCC_NO_COMMON_BLOCKS = YES;
				GCC_WARN_64_TO_32_BIT_CONVERSION = YES;
				GCC_WARN_ABOUT_RETURN_TYPE = YES_ERROR;
				GCC_WARN_UNDECLARED_SELECTOR = YES;
				GCC_WARN_UNINITIALIZED_AUTOS = YES_AGGRESSIVE;
				GCC_WARN_UNUSED_FUNCTION = YES;
				GCC_WARN_UNUSED_VARIABLE = YES;
				IPHONEOS_DEPLOYMENT_TARGET = 17.5;
				LOCALIZATION_PREFERS_STRING_CATALOGS = YES;
				MTL_ENABLE_DEBUG_INFO = NO;
				MTL_FAST_MATH = YES;
				SDKROOT = iphoneos;
				SWIFT_COMPILATION_MODE = wholemodule;
				VALIDATE_PRODUCT = YES;
			};
			name = Release;
		};
		91FA96942C81333F0011BB7F /* Debug */ = {
			isa = XCBuildConfiguration;
			buildSettings = {
				ASSETCATALOG_COMPILER_APPICON_NAME = AppIcon;
				ASSETCATALOG_COMPILER_GLOBAL_ACCENT_COLOR_NAME = AccentColor;
				CODE_SIGN_STYLE = Automatic;
				CURRENT_PROJECT_VERSION = 1;
				DEVELOPMENT_ASSET_PATHS = "\"betwist/Preview Content\"";
				DEVELOPMENT_TEAM = 7B9VB3YTHK;
				ENABLE_PREVIEWS = YES;
				GENERATE_INFOPLIST_FILE = YES;
				INFOPLIST_KEY_UIApplicationSceneManifest_Generation = YES;
				INFOPLIST_KEY_UIApplicationSupportsIndirectInputEvents = YES;
				INFOPLIST_KEY_UILaunchScreen_Generation = YES;
				INFOPLIST_KEY_UISupportedInterfaceOrientations_iPad = "UIInterfaceOrientationPortrait UIInterfaceOrientationPortraitUpsideDown UIInterfaceOrientationLandscapeLeft UIInterfaceOrientationLandscapeRight";
				INFOPLIST_KEY_UISupportedInterfaceOrientations_iPhone = "UIInterfaceOrientationPortrait UIInterfaceOrientationLandscapeLeft UIInterfaceOrientationLandscapeRight";
				LD_RUNPATH_SEARCH_PATHS = (
					"$(inherited)",
					"@executable_path/Frameworks",
				);
				MARKETING_VERSION = 1.0;
				PRODUCT_BUNDLE_IDENTIFIER = com.xp123.betwist;
				PRODUCT_NAME = "$(TARGET_NAME)";
				SWIFT_EMIT_LOC_STRINGS = YES;
				SWIFT_VERSION = 5.0;
				TARGETED_DEVICE_FAMILY = "1,2";
			};
			name = Debug;
		};
		91FA96952C81333F0011BB7F /* Release */ = {
			isa = XCBuildConfiguration;
			buildSettings = {
				ASSETCATALOG_COMPILER_APPICON_NAME = AppIcon;
				ASSETCATALOG_COMPILER_GLOBAL_ACCENT_COLOR_NAME = AccentColor;
				CODE_SIGN_STYLE = Automatic;
				CURRENT_PROJECT_VERSION = 1;
				DEVELOPMENT_ASSET_PATHS = "\"betwist/Preview Content\"";
				DEVELOPMENT_TEAM = 7B9VB3YTHK;
				ENABLE_PREVIEWS = YES;
				GENERATE_INFOPLIST_FILE = YES;
				INFOPLIST_KEY_UIApplicationSceneManifest_Generation = YES;
				INFOPLIST_KEY_UIApplicationSupportsIndirectInputEvents = YES;
				INFOPLIST_KEY_UILaunchScreen_Generation = YES;
				INFOPLIST_KEY_UISupportedInterfaceOrientations_iPad = "UIInterfaceOrientationPortrait UIInterfaceOrientationPortraitUpsideDown UIInterfaceOrientationLandscapeLeft UIInterfaceOrientationLandscapeRight";
				INFOPLIST_KEY_UISupportedInterfaceOrientations_iPhone = "UIInterfaceOrientationPortrait UIInterfaceOrientationLandscapeLeft UIInterfaceOrientationLandscapeRight";
				LD_RUNPATH_SEARCH_PATHS = (
					"$(inherited)",
					"@executable_path/Frameworks",
				);
				MARKETING_VERSION = 1.0;
				PRODUCT_BUNDLE_IDENTIFIER = com.xp123.betwist;
				PRODUCT_NAME = "$(TARGET_NAME)";
				SWIFT_EMIT_LOC_STRINGS = YES;
				SWIFT_VERSION = 5.0;
				TARGETED_DEVICE_FAMILY = "1,2";
			};
			name = Release;
		};
		91FA96972C81333F0011BB7F /* Debug */ = {
			isa = XCBuildConfiguration;
			buildSettings = {
				ALWAYS_EMBED_SWIFT_STANDARD_LIBRARIES = YES;
				BUNDLE_LOADER = "$(TEST_HOST)";
				CODE_SIGN_STYLE = Automatic;
				CURRENT_PROJECT_VERSION = 1;
				DEVELOPMENT_TEAM = 7B9VB3YTHK;
				GENERATE_INFOPLIST_FILE = YES;
				IPHONEOS_DEPLOYMENT_TARGET = 17.5;
				MARKETING_VERSION = 1.0;
				PRODUCT_BUNDLE_IDENTIFIER = com.xp123.betwistTests;
				PRODUCT_NAME = "$(TARGET_NAME)";
				SWIFT_EMIT_LOC_STRINGS = NO;
				SWIFT_VERSION = 5.0;
				TARGETED_DEVICE_FAMILY = "1,2";
				TEST_HOST = "$(BUILT_PRODUCTS_DIR)/tarrier.app/$(BUNDLE_EXECUTABLE_FOLDER_PATH)/tarrier";
			};
			name = Debug;
		};
		91FA96982C81333F0011BB7F /* Release */ = {
			isa = XCBuildConfiguration;
			buildSettings = {
				ALWAYS_EMBED_SWIFT_STANDARD_LIBRARIES = YES;
				BUNDLE_LOADER = "$(TEST_HOST)";
				CODE_SIGN_STYLE = Automatic;
				CURRENT_PROJECT_VERSION = 1;
				DEVELOPMENT_TEAM = 7B9VB3YTHK;
				GENERATE_INFOPLIST_FILE = YES;
				IPHONEOS_DEPLOYMENT_TARGET = 17.5;
				MARKETING_VERSION = 1.0;
				PRODUCT_BUNDLE_IDENTIFIER = com.xp123.betwistTests;
				PRODUCT_NAME = "$(TARGET_NAME)";
				SWIFT_EMIT_LOC_STRINGS = NO;
				SWIFT_VERSION = 5.0;
				TARGETED_DEVICE_FAMILY = "1,2";
				TEST_HOST = "$(BUILT_PRODUCTS_DIR)/tarrier.app/$(BUNDLE_EXECUTABLE_FOLDER_PATH)/tarrier";
			};
			name = Release;
		};
/* End XCBuildConfiguration section */

/* Begin XCConfigurationList section */
		91FA966A2C81333A0011BB7F /* Build configuration list for PBXProject "tarrier" */ = {
			isa = XCConfigurationList;
			buildConfigurations = (
				91FA96912C81333F0011BB7F /* Debug */,
				91FA96922C81333F0011BB7F /* Release */,
			);
			defaultConfigurationIsVisible = 0;
			defaultConfigurationName = Release;
		};
		91FA96932C81333F0011BB7F /* Build configuration list for PBXNativeTarget "tarrier" */ = {
			isa = XCConfigurationList;
			buildConfigurations = (
				91FA96942C81333F0011BB7F /* Debug */,
				91FA96952C81333F0011BB7F /* Release */,
			);
			defaultConfigurationIsVisible = 0;
			defaultConfigurationName = Release;
		};
		91FA96962C81333F0011BB7F /* Build configuration list for PBXNativeTarget "tarrierTests" */ = {
			isa = XCConfigurationList;
			buildConfigurations = (
				91FA96972C81333F0011BB7F /* Debug */,
				91FA96982C81333F0011BB7F /* Release */,
			);
			defaultConfigurationIsVisible = 0;
			defaultConfigurationName = Release;
		};
/* End XCConfigurationList section */

/* Begin XCRemoteSwiftPackageReference section */
		91FA96A22C8144FF0011BB7F /* XCRemoteSwiftPackageReference "SwiftLintPlugins" */ = {
			isa = XCRemoteSwiftPackageReference;
			repositoryURL = "https://github.com/SimplyDanny/SwiftLintPlugins";
			requirement = {
				kind = upToNextMajorVersion;
				minimumVersion = 0.56.2;
			};
		};
/* End XCRemoteSwiftPackageReference section */
	};
	rootObject = 91FA96672C81333A0011BB7F /* Project object */;
}
